
Microsoft Visual Studio Solution File, Format Version 12.00
# Visual Studio Version 16
VisualStudioVersion = 16.0.31729.503
MinimumVisualStudioVersion = 10.0.40219.1
Project("{FAE04EC0-301F-11D3-BF4B-00C04F79EFBC}") = "ConsoleApp", "ConsoleApp\ConsoleApp.csproj", "{424F2E71-B305-4599-9044-F6E76CD2FFDC}"
EndProject
Project("{FAE04EC0-301F-11D3-BF4B-00C04F79EFBC}") = "ClassLibrary", "ClassLibrary\ClassLibrary.csproj", "{AAE4EF67-7C42-4E15-A814-3FB2EEF5303D}"
EndProject
Global
	GlobalSection(SolutionConfigurationPlatforms) = preSolution
		Debug|Any CPU = Debug|Any CPU
		Release|Any CPU = Release|Any CPU
	EndGlobalSection
	GlobalSection(ProjectConfigurationPlatforms) = postSolution
		{424F2E71-B305-4599-9044-F6E76CD2FFDC}.Debug|Any CPU.ActiveCfg = Debug|Any CPU
		{424F2E71-B305-4599-9044-F6E76CD2FFDC}.Debug|Any CPU.Build.0 = Debug|Any CPU
		{424F2E71-B305-4599-9044-F6E76CD2FFDC}.Release|Any CPU.ActiveCfg = Release|Any CPU
		{424F2E71-B305-4599-9044-F6E76CD2FFDC}.Release|Any CPU.Build.0 = Release|Any CPU
		{AAE4EF67-7C42-4E15-A814-3FB2EEF5303D}.Debug|Any CPU.ActiveCfg = Debug|Any CPU
		{AAE4EF67-7C42-4E15-A814-3FB2EEF5303D}.Debug|Any CPU.Build.0 = Debug|Any CPU
		{AAE4EF67-7C42-4E15-A814-3FB2EEF5303D}.Release|Any CPU.ActiveCfg = Release|Any CPU
		{AAE4EF67-7C42-4E15-A814-3FB2EEF5303D}.Release|Any CPU.Build.0 = Release|Any CPU
	EndGlobalSection
	GlobalSection(SolutionProperties) = preSolution
		HideSolutionNode = FALSE
	EndGlobalSection
	GlobalSection(ExtensibilityGlobals) = postSolution
		SolutionGuid = {A6E2F4EB-D288-4414-968F-F1C43B66B258}
	EndGlobalSection
EndGlobal
